// !$*UTF8*$!
{
	archiveVersion = 1;
	classes = {
	};
	objectVersion = 56;
	objects = {

/* Begin PBXBuildFile section */
		A10692642C580D3900969E35 /* LocationManager.swift in Sources */ = {isa = PBXBuildFile; fileRef = A10692632C580D3900969E35 /* LocationManager.swift */; };
		A10692662C5813A300969E35 /* Day.swift in Sources */ = {isa = PBXBuildFile; fileRef = A10692652C5813A300969E35 /* Day.swift */; };
		A108C1AA2C4FCFD100EF0B0C /* +Date.swift in Sources */ = {isa = PBXBuildFile; fileRef = A108C1A92C4FCFD100EF0B0C /* +Date.swift */; };
		A108C1AC2C4FD1B400EF0B0C /* WeatherDescription.swift in Sources */ = {isa = PBXBuildFile; fileRef = A108C1AB2C4FD1B400EF0B0C /* WeatherDescription.swift */; };
		A108C1AE2C4FD87400EF0B0C /* APIService.swift in Sources */ = {isa = PBXBuildFile; fileRef = A108C1AD2C4FD87400EF0B0C /* APIService.swift */; };
		A110C7222C4AC446004F57AF /* AppDelegate.swift in Sources */ = {isa = PBXBuildFile; fileRef = A110C7212C4AC446004F57AF /* AppDelegate.swift */; };
		A110C7242C4AC446004F57AF /* SceneDelegate.swift in Sources */ = {isa = PBXBuildFile; fileRef = A110C7232C4AC446004F57AF /* SceneDelegate.swift */; };
		A110C72B2C4AC447004F57AF /* Assets.xcassets in Resources */ = {isa = PBXBuildFile; fileRef = A110C72A2C4AC447004F57AF /* Assets.xcassets */; };
		A110C72E2C4AC447004F57AF /* Base in Resources */ = {isa = PBXBuildFile; fileRef = A110C72D2C4AC447004F57AF /* Base */; };
		A110C7382C4AC660004F57AF /* NowViewController.swift in Sources */ = {isa = PBXBuildFile; fileRef = A110C7372C4AC660004F57AF /* NowViewController.swift */; };
		A110C73A2C4AC688004F57AF /* ThenViewController.swift in Sources */ = {isa = PBXBuildFile; fileRef = A110C7392C4AC688004F57AF /* ThenViewController.swift */; };
		A110C73C2C4AC6A1004F57AF /* SettingViewController.swift in Sources */ = {isa = PBXBuildFile; fileRef = A110C73B2C4AC6A1004F57AF /* SettingViewController.swift */; };
		A115DAC92C4BDEA100764929 /* SnapKit in Frameworks */ = {isa = PBXBuildFile; productRef = A115DAC82C4BDEA100764929 /* SnapKit */; };
		A115DACD2C4BE63400764929 /* NowViewModel.swift in Sources */ = {isa = PBXBuildFile; fileRef = A115DACC2C4BE63400764929 /* NowViewModel.swift */; };
		A11A7E2C2C5E907C005339EE /* SettingCell.swift in Sources */ = {isa = PBXBuildFile; fileRef = A11A7E2B2C5E907C005339EE /* SettingCell.swift */; };
		A12BBF692C58979C00A5626A /* ThenViewModel.swift in Sources */ = {isa = PBXBuildFile; fileRef = A12BBF682C58979C00A5626A /* ThenViewModel.swift */; };
		A12BBF6B2C58ADD200A5626A /* EmptyView.swift in Sources */ = {isa = PBXBuildFile; fileRef = A12BBF6A2C58ADD200A5626A /* EmptyView.swift */; };
		A12BBF6D2C58ADED00A5626A /* WeatherListView.swift in Sources */ = {isa = PBXBuildFile; fileRef = A12BBF6C2C58ADED00A5626A /* WeatherListView.swift */; };
		A1328E202C60BF53000E8C9B /* DataSourceViewController.swift in Sources */ = {isa = PBXBuildFile; fileRef = A1328E1F2C60BF53000E8C9B /* DataSourceViewController.swift */; };
		A1328E222C60BF61000E8C9B /* AppInfoViewController.swift in Sources */ = {isa = PBXBuildFile; fileRef = A1328E212C60BF61000E8C9B /* AppInfoViewController.swift */; };
		A1328E242C60BF6C000E8C9B /* AppearanceViewController.swift in Sources */ = {isa = PBXBuildFile; fileRef = A1328E232C60BF6C000E8C9B /* AppearanceViewController.swift */; };
		A13517522C5A8FE30034B1FB /* AddWeatherViewController.swift in Sources */ = {isa = PBXBuildFile; fileRef = A13517512C5A8FE30034B1FB /* AddWeatherViewController.swift */; };
		A14838072C501C7700C957C5 /* WeatherInfo.swift in Sources */ = {isa = PBXBuildFile; fileRef = A14838062C501C7700C957C5 /* WeatherInfo.swift */; };
		A14933192C5FAB1800982654 /* SettingSection.swift in Sources */ = {isa = PBXBuildFile; fileRef = A14933182C5FAB1800982654 /* SettingSection.swift */; };
		A1534B1F2C5917CE000BF8F3 /* ThenWeather.swift in Sources */ = {isa = PBXBuildFile; fileRef = A1534B1E2C5917CE000BF8F3 /* ThenWeather.swift */; };
		A1534B212C593DFC000BF8F3 /* ComparisionViewController.swift in Sources */ = {isa = PBXBuildFile; fileRef = A1534B202C593DFC000BF8F3 /* ComparisionViewController.swift */; };
		A168A3B42C4C443900B818E7 /* NowWeather.swift in Sources */ = {isa = PBXBuildFile; fileRef = A168A3B32C4C443900B818E7 /* NowWeather.swift */; };
		A168A3B72C4C44E000B818E7 /* Icon.swift in Sources */ = {isa = PBXBuildFile; fileRef = A168A3B62C4C44E000B818E7 /* Icon.swift */; };
		A168A3BA2C4C46EB00B818E7 /* +Double.swift in Sources */ = {isa = PBXBuildFile; fileRef = A168A3B92C4C46EB00B818E7 /* +Double.swift */; };
		A186277E2C5E4F3300FF07A6 /* +Notification.swift in Sources */ = {isa = PBXBuildFile; fileRef = A186277D2C5E4F3300FF07A6 /* +Notification.swift */; };
		A18627802C5E4F3C00FF07A6 /* +Int.swift in Sources */ = {isa = PBXBuildFile; fileRef = A186277F2C5E4F3C00FF07A6 /* +Int.swift */; };
		A18627822C5E4FD600FF07A6 /* AppStorageKey.swift in Sources */ = {isa = PBXBuildFile; fileRef = A18627812C5E4FD600FF07A6 /* AppStorageKey.swift */; };
		A18EE80F2C4E982100652206 /* Alamofire in Frameworks */ = {isa = PBXBuildFile; productRef = A18EE80E2C4E982100652206 /* Alamofire */; };
		A18EE8122C4E983B00652206 /* Request.swift in Sources */ = {isa = PBXBuildFile; fileRef = A18EE8112C4E983B00652206 /* Request.swift */; };
		A1A9AEB52C4CDF0000DC5EC6 /* ThreeDays.swift in Sources */ = {isa = PBXBuildFile; fileRef = A1A9AEB42C4CDF0000DC5EC6 /* ThreeDays.swift */; };
		A1ACA1572C4C1268008BAA51 /* TabBarViewController.swift in Sources */ = {isa = PBXBuildFile; fileRef = A1ACA1562C4C1268008BAA51 /* TabBarViewController.swift */; };
		A1ACA1592C4C1277008BAA51 /* TabBarItem.swift in Sources */ = {isa = PBXBuildFile; fileRef = A1ACA1582C4C1276008BAA51 /* TabBarItem.swift */; };
		A1ACA15C2C4C1ED3008BAA51 /* WeatherRect.swift in Sources */ = {isa = PBXBuildFile; fileRef = A1ACA15B2C4C1ED3008BAA51 /* WeatherRect.swift */; };
		A1BCA3A42C5B2DBE004857EC /* AddViewModel.swift in Sources */ = {isa = PBXBuildFile; fileRef = A1BCA3A32C5B2DBE004857EC /* AddViewModel.swift */; };
		A1BCA3A62C5B422E004857EC /* SearchManager.swift in Sources */ = {isa = PBXBuildFile; fileRef = A1BCA3A52C5B422E004857EC /* SearchManager.swift */; };
		A1BCA3A82C5B4297004857EC /* City.swift in Sources */ = {isa = PBXBuildFile; fileRef = A1BCA3A72C5B4297004857EC /* City.swift */; };
		A1C9E2852C6124F900F6DB03 /* WebViewController.swift in Sources */ = {isa = PBXBuildFile; fileRef = A1C9E2842C6124F900F6DB03 /* WebViewController.swift */; };
		A1C9E2892C612FBB00F6DB03 /* AppInfoCell.swift in Sources */ = {isa = PBXBuildFile; fileRef = A1C9E2882C612FBB00F6DB03 /* AppInfoCell.swift */; };
		A1C9E28B2C6130E800F6DB03 /* AppInfoSection.swift in Sources */ = {isa = PBXBuildFile; fileRef = A1C9E28A2C6130E800F6DB03 /* AppInfoSection.swift */; };
		A1D6D3682C5BFCAB002FD643 /* SearchResultCell.swift in Sources */ = {isa = PBXBuildFile; fileRef = A1D6D3672C5BFCAB002FD643 /* SearchResultCell.swift */; };
		A1E126862C5FD51200DA4659 /* CommonHeader.swift in Sources */ = {isa = PBXBuildFile; fileRef = A1E126852C5FD51200DA4659 /* CommonHeader.swift */; };
		A1F4E25C2C58F8D000832B53 /* WeatherCell.swift in Sources */ = {isa = PBXBuildFile; fileRef = A1F4E25B2C58F8D000832B53 /* WeatherCell.swift */; };
/* End PBXBuildFile section */

/* Begin PBXFileReference section */
		A10692632C580D3900969E35 /* LocationManager.swift */ = {isa = PBXFileReference; lastKnownFileType = sourcecode.swift; path = LocationManager.swift; sourceTree = "<group>"; };
		A10692652C5813A300969E35 /* Day.swift */ = {isa = PBXFileReference; lastKnownFileType = sourcecode.swift; path = Day.swift; sourceTree = "<group>"; };
		A108C1A92C4FCFD100EF0B0C /* +Date.swift */ = {isa = PBXFileReference; lastKnownFileType = sourcecode.swift; path = "+Date.swift"; sourceTree = "<group>"; };
		A108C1AB2C4FD1B400EF0B0C /* WeatherDescription.swift */ = {isa = PBXFileReference; lastKnownFileType = sourcecode.swift; path = WeatherDescription.swift; sourceTree = "<group>"; };
		A108C1AD2C4FD87400EF0B0C /* APIService.swift */ = {isa = PBXFileReference; lastKnownFileType = sourcecode.swift; path = APIService.swift; sourceTree = "<group>"; };
		A110C71E2C4AC446004F57AF /* wotd_UIKit.app */ = {isa = PBXFileReference; explicitFileType = wrapper.application; includeInIndex = 0; path = wotd_UIKit.app; sourceTree = BUILT_PRODUCTS_DIR; };
		A110C7212C4AC446004F57AF /* AppDelegate.swift */ = {isa = PBXFileReference; lastKnownFileType = sourcecode.swift; path = AppDelegate.swift; sourceTree = "<group>"; };
		A110C7232C4AC446004F57AF /* SceneDelegate.swift */ = {isa = PBXFileReference; lastKnownFileType = sourcecode.swift; path = SceneDelegate.swift; sourceTree = "<group>"; };
		A110C72A2C4AC447004F57AF /* Assets.xcassets */ = {isa = PBXFileReference; lastKnownFileType = folder.assetcatalog; path = Assets.xcassets; sourceTree = "<group>"; };
		A110C72D2C4AC447004F57AF /* Base */ = {isa = PBXFileReference; lastKnownFileType = file.storyboard; name = Base; path = Base.lproj/LaunchScreen.storyboard; sourceTree = "<group>"; };
		A110C72F2C4AC447004F57AF /* Info.plist */ = {isa = PBXFileReference; lastKnownFileType = text.plist.xml; path = Info.plist; sourceTree = "<group>"; };
		A110C7372C4AC660004F57AF /* NowViewController.swift */ = {isa = PBXFileReference; lastKnownFileType = sourcecode.swift; path = NowViewController.swift; sourceTree = "<group>"; };
		A110C7392C4AC688004F57AF /* ThenViewController.swift */ = {isa = PBXFileReference; lastKnownFileType = sourcecode.swift; path = ThenViewController.swift; sourceTree = "<group>"; };
		A110C73B2C4AC6A1004F57AF /* SettingViewController.swift */ = {isa = PBXFileReference; lastKnownFileType = sourcecode.swift; path = SettingViewController.swift; sourceTree = "<group>"; };
		A115DACC2C4BE63400764929 /* NowViewModel.swift */ = {isa = PBXFileReference; lastKnownFileType = sourcecode.swift; path = NowViewModel.swift; sourceTree = "<group>"; };
		A11A7E2B2C5E907C005339EE /* SettingCell.swift */ = {isa = PBXFileReference; lastKnownFileType = sourcecode.swift; path = SettingCell.swift; sourceTree = "<group>"; };
		A12BBF682C58979C00A5626A /* ThenViewModel.swift */ = {isa = PBXFileReference; lastKnownFileType = sourcecode.swift; path = ThenViewModel.swift; sourceTree = "<group>"; };
		A12BBF6A2C58ADD200A5626A /* EmptyView.swift */ = {isa = PBXFileReference; lastKnownFileType = sourcecode.swift; path = EmptyView.swift; sourceTree = "<group>"; };
		A12BBF6C2C58ADED00A5626A /* WeatherListView.swift */ = {isa = PBXFileReference; lastKnownFileType = sourcecode.swift; path = WeatherListView.swift; sourceTree = "<group>"; };
		A1328E1F2C60BF53000E8C9B /* DataSourceViewController.swift */ = {isa = PBXFileReference; lastKnownFileType = sourcecode.swift; path = DataSourceViewController.swift; sourceTree = "<group>"; };
		A1328E212C60BF61000E8C9B /* AppInfoViewController.swift */ = {isa = PBXFileReference; lastKnownFileType = sourcecode.swift; path = AppInfoViewController.swift; sourceTree = "<group>"; };
		A1328E232C60BF6C000E8C9B /* AppearanceViewController.swift */ = {isa = PBXFileReference; lastKnownFileType = sourcecode.swift; path = AppearanceViewController.swift; sourceTree = "<group>"; };
		A13517512C5A8FE30034B1FB /* AddWeatherViewController.swift */ = {isa = PBXFileReference; lastKnownFileType = sourcecode.swift; path = AddWeatherViewController.swift; sourceTree = "<group>"; };
		A14838062C501C7700C957C5 /* WeatherInfo.swift */ = {isa = PBXFileReference; lastKnownFileType = sourcecode.swift; path = WeatherInfo.swift; sourceTree = "<group>"; };
		A14933182C5FAB1800982654 /* SettingSection.swift */ = {isa = PBXFileReference; lastKnownFileType = sourcecode.swift; path = SettingSection.swift; sourceTree = "<group>"; };
		A1534B1E2C5917CE000BF8F3 /* ThenWeather.swift */ = {isa = PBXFileReference; lastKnownFileType = sourcecode.swift; path = ThenWeather.swift; sourceTree = "<group>"; };
		A1534B202C593DFC000BF8F3 /* ComparisionViewController.swift */ = {isa = PBXFileReference; lastKnownFileType = sourcecode.swift; path = ComparisionViewController.swift; sourceTree = "<group>"; };
		A168A3B32C4C443900B818E7 /* NowWeather.swift */ = {isa = PBXFileReference; lastKnownFileType = sourcecode.swift; path = NowWeather.swift; sourceTree = "<group>"; };
		A168A3B62C4C44E000B818E7 /* Icon.swift */ = {isa = PBXFileReference; lastKnownFileType = sourcecode.swift; path = Icon.swift; sourceTree = "<group>"; };
		A168A3B92C4C46EB00B818E7 /* +Double.swift */ = {isa = PBXFileReference; lastKnownFileType = sourcecode.swift; path = "+Double.swift"; sourceTree = "<group>"; };
		A186277D2C5E4F3300FF07A6 /* +Notification.swift */ = {isa = PBXFileReference; lastKnownFileType = sourcecode.swift; path = "+Notification.swift"; sourceTree = "<group>"; };
		A186277F2C5E4F3C00FF07A6 /* +Int.swift */ = {isa = PBXFileReference; lastKnownFileType = sourcecode.swift; path = "+Int.swift"; sourceTree = "<group>"; };
		A18627812C5E4FD600FF07A6 /* AppStorageKey.swift */ = {isa = PBXFileReference; lastKnownFileType = sourcecode.swift; path = AppStorageKey.swift; sourceTree = "<group>"; };
		A18EE8112C4E983B00652206 /* Request.swift */ = {isa = PBXFileReference; lastKnownFileType = sourcecode.swift; path = Request.swift; sourceTree = "<group>"; };
		A1A9AEB42C4CDF0000DC5EC6 /* ThreeDays.swift */ = {isa = PBXFileReference; lastKnownFileType = sourcecode.swift; path = ThreeDays.swift; sourceTree = "<group>"; };
		A1ACA1562C4C1268008BAA51 /* TabBarViewController.swift */ = {isa = PBXFileReference; lastKnownFileType = sourcecode.swift; path = TabBarViewController.swift; sourceTree = "<group>"; };
		A1ACA1582C4C1276008BAA51 /* TabBarItem.swift */ = {isa = PBXFileReference; lastKnownFileType = sourcecode.swift; path = TabBarItem.swift; sourceTree = "<group>"; };
		A1ACA15B2C4C1ED3008BAA51 /* WeatherRect.swift */ = {isa = PBXFileReference; lastKnownFileType = sourcecode.swift; path = WeatherRect.swift; sourceTree = "<group>"; };
		A1BCA3A32C5B2DBE004857EC /* AddViewModel.swift */ = {isa = PBXFileReference; lastKnownFileType = sourcecode.swift; path = AddViewModel.swift; sourceTree = "<group>"; };
		A1BCA3A52C5B422E004857EC /* SearchManager.swift */ = {isa = PBXFileReference; lastKnownFileType = sourcecode.swift; path = SearchManager.swift; sourceTree = "<group>"; };
		A1BCA3A72C5B4297004857EC /* City.swift */ = {isa = PBXFileReference; fileEncoding = 4; lastKnownFileType = sourcecode.swift; path = City.swift; sourceTree = "<group>"; };
		A1C9E2842C6124F900F6DB03 /* WebViewController.swift */ = {isa = PBXFileReference; lastKnownFileType = sourcecode.swift; path = WebViewController.swift; sourceTree = "<group>"; };
		A1C9E2882C612FBB00F6DB03 /* AppInfoCell.swift */ = {isa = PBXFileReference; lastKnownFileType = sourcecode.swift; path = AppInfoCell.swift; sourceTree = "<group>"; };
		A1C9E28A2C6130E800F6DB03 /* AppInfoSection.swift */ = {isa = PBXFileReference; lastKnownFileType = sourcecode.swift; path = AppInfoSection.swift; sourceTree = "<group>"; };
		A1D6D3672C5BFCAB002FD643 /* SearchResultCell.swift */ = {isa = PBXFileReference; lastKnownFileType = sourcecode.swift; path = SearchResultCell.swift; sourceTree = "<group>"; };
		A1E126852C5FD51200DA4659 /* CommonHeader.swift */ = {isa = PBXFileReference; lastKnownFileType = sourcecode.swift; path = CommonHeader.swift; sourceTree = "<group>"; };
		A1F4E25B2C58F8D000832B53 /* WeatherCell.swift */ = {isa = PBXFileReference; lastKnownFileType = sourcecode.swift; path = WeatherCell.swift; sourceTree = "<group>"; };
/* End PBXFileReference section */

/* Begin PBXFrameworksBuildPhase section */
		A110C71B2C4AC446004F57AF /* Frameworks */ = {
			isa = PBXFrameworksBuildPhase;
			buildActionMask = 2147483647;
			files = (
				A115DAC92C4BDEA100764929 /* SnapKit in Frameworks */,
				A18EE80F2C4E982100652206 /* Alamofire in Frameworks */,
			);
			runOnlyForDeploymentPostprocessing = 0;
		};
/* End PBXFrameworksBuildPhase section */

/* Begin PBXGroup section */
		A108C1AF2C4FD8C200EF0B0C /* Manager */ = {
			isa = PBXGroup;
			children = (
				A10692632C580D3900969E35 /* LocationManager.swift */,
				A1BCA3A52C5B422E004857EC /* SearchManager.swift */,
			);
			path = Manager;
			sourceTree = "<group>";
		};
		A110C7152C4AC446004F57AF = {
			isa = PBXGroup;
			children = (
				A110C7202C4AC446004F57AF /* wotd_UIKit */,
				A110C71F2C4AC446004F57AF /* Products */,
			);
			sourceTree = "<group>";
		};
		A110C71F2C4AC446004F57AF /* Products */ = {
			isa = PBXGroup;
			children = (
				A110C71E2C4AC446004F57AF /* wotd_UIKit.app */,
			);
			name = Products;
			sourceTree = "<group>";
		};
		A110C7202C4AC446004F57AF /* wotd_UIKit */ = {
			isa = PBXGroup;
			children = (
				A110C7212C4AC446004F57AF /* AppDelegate.swift */,
				A110C7232C4AC446004F57AF /* SceneDelegate.swift */,
				A18EE8102C4E983200652206 /* Service */,
				A108C1AF2C4FD8C200EF0B0C /* Manager */,
				A168A3B52C4C444800B818E7 /* Model */,
				A110C7352C4AC515004F57AF /* View */,
				A115DACE2C4BE63900764929 /* ViewModel */,
				A168A3B82C4C44E500B818E7 /* Helper */,
				A110C72C2C4AC447004F57AF /* LaunchScreen.storyboard */,
				A110C72A2C4AC447004F57AF /* Assets.xcassets */,
				A110C72F2C4AC447004F57AF /* Info.plist */,
			);
			path = wotd_UIKit;
			sourceTree = "<group>";
		};
		A110C7352C4AC515004F57AF /* View */ = {
			isa = PBXGroup;
			children = (
				A1ACA15A2C4C14B5008BAA51 /* TabBar */,
				A1ACA15D2C4C1EDA008BAA51 /* Now */,
				A1ACA15E2C4C1EE1008BAA51 /* Then */,
				A1ACA15F2C4C1EE7008BAA51 /* Settings */,
			);
			path = View;
			sourceTree = "<group>";
		};
		A115DACE2C4BE63900764929 /* ViewModel */ = {
			isa = PBXGroup;
			children = (
				A115DACC2C4BE63400764929 /* NowViewModel.swift */,
				A12BBF682C58979C00A5626A /* ThenViewModel.swift */,
				A1BCA3A32C5B2DBE004857EC /* AddViewModel.swift */,
			);
			path = ViewModel;
			sourceTree = "<group>";
		};
		A116FBF22C5E6AD9002FC91D /* Empty */ = {
			isa = PBXGroup;
			children = (
				A12BBF6A2C58ADD200A5626A /* EmptyView.swift */,
			);
			path = Empty;
			sourceTree = "<group>";
		};
		A116FBF32C5E6AE4002FC91D /* WeatherList */ = {
			isa = PBXGroup;
			children = (
				A12BBF6C2C58ADED00A5626A /* WeatherListView.swift */,
				A1F4E25B2C58F8D000832B53 /* WeatherCell.swift */,
				A116FBF42C5E6AFA002FC91D /* AddSheet */,
				A1534B202C593DFC000BF8F3 /* ComparisionViewController.swift */,
			);
			path = WeatherList;
			sourceTree = "<group>";
		};
		A116FBF42C5E6AFA002FC91D /* AddSheet */ = {
			isa = PBXGroup;
			children = (
				A13517512C5A8FE30034B1FB /* AddWeatherViewController.swift */,
				A1D6D3672C5BFCAB002FD643 /* SearchResultCell.swift */,
			);
			path = AddSheet;
			sourceTree = "<group>";
		};
		A1328E252C60BF7A000E8C9B /* SubViews */ = {
			isa = PBXGroup;
			children = (
				A1C9E2862C612BA300F6DB03 /* DataSource */,
				A1C9E2872C612BAB00F6DB03 /* AppInfo */,
				A1328E232C60BF6C000E8C9B /* AppearanceViewController.swift */,
			);
			path = SubViews;
			sourceTree = "<group>";
		};
		A168A3B52C4C444800B818E7 /* Model */ = {
			isa = PBXGroup;
			children = (
				A1A9AEB42C4CDF0000DC5EC6 /* ThreeDays.swift */,
				A168A3B32C4C443900B818E7 /* NowWeather.swift */,
				A108C1AB2C4FD1B400EF0B0C /* WeatherDescription.swift */,
				A14838062C501C7700C957C5 /* WeatherInfo.swift */,
				A1534B1E2C5917CE000BF8F3 /* ThenWeather.swift */,
				A1BCA3A72C5B4297004857EC /* City.swift */,
			);
			path = Model;
			sourceTree = "<group>";
		};
		A168A3B82C4C44E500B818E7 /* Helper */ = {
			isa = PBXGroup;
			children = (
				A10692652C5813A300969E35 /* Day.swift */,
				A168A3B62C4C44E000B818E7 /* Icon.swift */,
				A168A3B92C4C46EB00B818E7 /* +Double.swift */,
				A186277F2C5E4F3C00FF07A6 /* +Int.swift */,
				A108C1A92C4FCFD100EF0B0C /* +Date.swift */,
				A186277D2C5E4F3300FF07A6 /* +Notification.swift */,
				A18627812C5E4FD600FF07A6 /* AppStorageKey.swift */,
				A1E126852C5FD51200DA4659 /* CommonHeader.swift */,
			);
			path = Helper;
			sourceTree = "<group>";
		};
		A18EE8102C4E983200652206 /* Service */ = {
			isa = PBXGroup;
			children = (
				A18EE8112C4E983B00652206 /* Request.swift */,
				A108C1AD2C4FD87400EF0B0C /* APIService.swift */,
			);
			path = Service;
			sourceTree = "<group>";
		};
		A1ACA15A2C4C14B5008BAA51 /* TabBar */ = {
			isa = PBXGroup;
			children = (
				A1ACA1582C4C1276008BAA51 /* TabBarItem.swift */,
				A1ACA1562C4C1268008BAA51 /* TabBarViewController.swift */,
			);
			path = TabBar;
			sourceTree = "<group>";
		};
		A1ACA15D2C4C1EDA008BAA51 /* Now */ = {
			isa = PBXGroup;
			children = (
				A110C7372C4AC660004F57AF /* NowViewController.swift */,
				A1ACA15B2C4C1ED3008BAA51 /* WeatherRect.swift */,
			);
			path = Now;
			sourceTree = "<group>";
		};
		A1ACA15E2C4C1EE1008BAA51 /* Then */ = {
			isa = PBXGroup;
			children = (
				A110C7392C4AC688004F57AF /* ThenViewController.swift */,
				A116FBF22C5E6AD9002FC91D /* Empty */,
				A116FBF32C5E6AE4002FC91D /* WeatherList */,
			);
			path = Then;
			sourceTree = "<group>";
		};
		A1ACA15F2C4C1EE7008BAA51 /* Settings */ = {
			isa = PBXGroup;
			children = (
				A110C73B2C4AC6A1004F57AF /* SettingViewController.swift */,
				A14933182C5FAB1800982654 /* SettingSection.swift */,
				A11A7E2B2C5E907C005339EE /* SettingCell.swift */,
				A1328E252C60BF7A000E8C9B /* SubViews */,
			);
			path = Settings;
			sourceTree = "<group>";
		};
		A1C9E2862C612BA300F6DB03 /* DataSource */ = {
			isa = PBXGroup;
			children = (
				A1328E1F2C60BF53000E8C9B /* DataSourceViewController.swift */,
				A1C9E2842C6124F900F6DB03 /* WebViewController.swift */,
			);
			path = DataSource;
			sourceTree = "<group>";
		};
		A1C9E2872C612BAB00F6DB03 /* AppInfo */ = {
			isa = PBXGroup;
			children = (
				A1328E212C60BF61000E8C9B /* AppInfoViewController.swift */,
				A1C9E2882C612FBB00F6DB03 /* AppInfoCell.swift */,
				A1C9E28A2C6130E800F6DB03 /* AppInfoSection.swift */,
			);
			path = AppInfo;
			sourceTree = "<group>";
		};
/* End PBXGroup section */

/* Begin PBXNativeTarget section */
		A110C71D2C4AC446004F57AF /* wotd_UIKit */ = {
			isa = PBXNativeTarget;
			buildConfigurationList = A110C7322C4AC447004F57AF /* Build configuration list for PBXNativeTarget "wotd_UIKit" */;
			buildPhases = (
				A110C71A2C4AC446004F57AF /* Sources */,
				A110C71B2C4AC446004F57AF /* Frameworks */,
				A110C71C2C4AC446004F57AF /* Resources */,
			);
			buildRules = (
			);
			dependencies = (
			);
			name = wotd_UIKit;
			packageProductDependencies = (
				A115DAC82C4BDEA100764929 /* SnapKit */,
				A18EE80E2C4E982100652206 /* Alamofire */,
			);
			productName = wotd_UIKit;
			productReference = A110C71E2C4AC446004F57AF /* wotd_UIKit.app */;
			productType = "com.apple.product-type.application";
		};
/* End PBXNativeTarget section */

/* Begin PBXProject section */
		A110C7162C4AC446004F57AF /* Project object */ = {
			isa = PBXProject;
			attributes = {
				BuildIndependentTargetsInParallel = 1;
				LastSwiftUpdateCheck = 1540;
				LastUpgradeCheck = 1540;
				TargetAttributes = {
					A110C71D2C4AC446004F57AF = {
						CreatedOnToolsVersion = 15.4;
					};
				};
			};
			buildConfigurationList = A110C7192C4AC446004F57AF /* Build configuration list for PBXProject "wotd_UIKit" */;
			compatibilityVersion = "Xcode 14.0";
			developmentRegion = en;
			hasScannedForEncodings = 0;
			knownRegions = (
				en,
				Base,
			);
			mainGroup = A110C7152C4AC446004F57AF;
			packageReferences = (
				A115DAC72C4BDEA100764929 /* XCRemoteSwiftPackageReference "SnapKit" */,
				A18EE80D2C4E982100652206 /* XCRemoteSwiftPackageReference "Alamofire" */,
			);
			productRefGroup = A110C71F2C4AC446004F57AF /* Products */;
			projectDirPath = "";
			projectRoot = "";
			targets = (
				A110C71D2C4AC446004F57AF /* wotd_UIKit */,
			);
		};
/* End PBXProject section */

/* Begin PBXResourcesBuildPhase section */
		A110C71C2C4AC446004F57AF /* Resources */ = {
			isa = PBXResourcesBuildPhase;
			buildActionMask = 2147483647;
			files = (
				A110C72B2C4AC447004F57AF /* Assets.xcassets in Resources */,
				A110C72E2C4AC447004F57AF /* Base in Resources */,
			);
			runOnlyForDeploymentPostprocessing = 0;
		};
/* End PBXResourcesBuildPhase section */

/* Begin PBXSourcesBuildPhase section */
		A110C71A2C4AC446004F57AF /* Sources */ = {
			isa = PBXSourcesBuildPhase;
			buildActionMask = 2147483647;
			files = (
				A186277E2C5E4F3300FF07A6 /* +Notification.swift in Sources */,
				A108C1AE2C4FD87400EF0B0C /* APIService.swift in Sources */,
				A110C73C2C4AC6A1004F57AF /* SettingViewController.swift in Sources */,
				A1BCA3A42C5B2DBE004857EC /* AddViewModel.swift in Sources */,
				A12BBF6B2C58ADD200A5626A /* EmptyView.swift in Sources */,
				A110C7382C4AC660004F57AF /* NowViewController.swift in Sources */,
				A110C73A2C4AC688004F57AF /* ThenViewController.swift in Sources */,
				A115DACD2C4BE63400764929 /* NowViewModel.swift in Sources */,
				A1ACA1572C4C1268008BAA51 /* TabBarViewController.swift in Sources */,
				A13517522C5A8FE30034B1FB /* AddWeatherViewController.swift in Sources */,
				A110C7222C4AC446004F57AF /* AppDelegate.swift in Sources */,
				A1A9AEB52C4CDF0000DC5EC6 /* ThreeDays.swift in Sources */,
				A108C1AC2C4FD1B400EF0B0C /* WeatherDescription.swift in Sources */,
				A1E126862C5FD51200DA4659 /* CommonHeader.swift in Sources */,
				A1C9E28B2C6130E800F6DB03 /* AppInfoSection.swift in Sources */,
				A1ACA15C2C4C1ED3008BAA51 /* WeatherRect.swift in Sources */,
				A14933192C5FAB1800982654 /* SettingSection.swift in Sources */,
				A1328E222C60BF61000E8C9B /* AppInfoViewController.swift in Sources */,
				A1C9E2892C612FBB00F6DB03 /* AppInfoCell.swift in Sources */,
				A12BBF6D2C58ADED00A5626A /* WeatherListView.swift in Sources */,
				A18EE8122C4E983B00652206 /* Request.swift in Sources */,
				A18627802C5E4F3C00FF07A6 /* +Int.swift in Sources */,
				A12BBF692C58979C00A5626A /* ThenViewModel.swift in Sources */,
				A11A7E2C2C5E907C005339EE /* SettingCell.swift in Sources */,
				A1ACA1592C4C1277008BAA51 /* TabBarItem.swift in Sources */,
				A18627822C5E4FD600FF07A6 /* AppStorageKey.swift in Sources */,
				A1534B1F2C5917CE000BF8F3 /* ThenWeather.swift in Sources */,
				A168A3BA2C4C46EB00B818E7 /* +Double.swift in Sources */,
				A1D6D3682C5BFCAB002FD643 /* SearchResultCell.swift in Sources */,
				A110C7242C4AC446004F57AF /* SceneDelegate.swift in Sources */,
				A108C1AA2C4FCFD100EF0B0C /* +Date.swift in Sources */,
				A1BCA3A62C5B422E004857EC /* SearchManager.swift in Sources */,
				A14838072C501C7700C957C5 /* WeatherInfo.swift in Sources */,
				A1534B212C593DFC000BF8F3 /* ComparisionViewController.swift in Sources */,
				A1328E242C60BF6C000E8C9B /* AppearanceViewController.swift in Sources */,
				A168A3B42C4C443900B818E7 /* NowWeather.swift in Sources */,
				A10692642C580D3900969E35 /* LocationManager.swift in Sources */,
				A1328E202C60BF53000E8C9B /* DataSourceViewController.swift in Sources */,
				A1C9E2852C6124F900F6DB03 /* WebViewController.swift in Sources */,
				A1BCA3A82C5B4297004857EC /* City.swift in Sources */,
				A1F4E25C2C58F8D000832B53 /* WeatherCell.swift in Sources */,
				A10692662C5813A300969E35 /* Day.swift in Sources */,
				A168A3B72C4C44E000B818E7 /* Icon.swift in Sources */,
			);
			runOnlyForDeploymentPostprocessing = 0;
		};
/* End PBXSourcesBuildPhase section */

/* Begin PBXVariantGroup section */
		A110C72C2C4AC447004F57AF /* LaunchScreen.storyboard */ = {
			isa = PBXVariantGroup;
			children = (
				A110C72D2C4AC447004F57AF /* Base */,
			);
			name = LaunchScreen.storyboard;
			sourceTree = "<group>";
		};
/* End PBXVariantGroup section */

/* Begin XCBuildConfiguration section */
		A110C7302C4AC447004F57AF /* Debug */ = {
			isa = XCBuildConfiguration;
			buildSettings = {
				ALWAYS_SEARCH_USER_PATHS = NO;
				ASSETCATALOG_COMPILER_GENERATE_SWIFT_ASSET_SYMBOL_EXTENSIONS = YES;
				CLANG_ANALYZER_NONNULL = YES;
				CLANG_ANALYZER_NUMBER_OBJECT_CONVERSION = YES_AGGRESSIVE;
				CLANG_CXX_LANGUAGE_STANDARD = "gnu++20";
				CLANG_ENABLE_MODULES = YES;
				CLANG_ENABLE_OBJC_ARC = YES;
				CLANG_ENABLE_OBJC_WEAK = YES;
				CLANG_WARN_BLOCK_CAPTURE_AUTORELEASING = YES;
				CLANG_WARN_BOOL_CONVERSION = YES;
				CLANG_WARN_COMMA = YES;
				CLANG_WARN_CONSTANT_CONVERSION = YES;
				CLANG_WARN_DEPRECATED_OBJC_IMPLEMENTATIONS = YES;
				CLANG_WARN_DIRECT_OBJC_ISA_USAGE = YES_ERROR;
				CLANG_WARN_DOCUMENTATION_COMMENTS = YES;
				CLANG_WARN_EMPTY_BODY = YES;
				CLANG_WARN_ENUM_CONVERSION = YES;
				CLANG_WARN_INFINITE_RECURSION = YES;
				CLANG_WARN_INT_CONVERSION = YES;
				CLANG_WARN_NON_LITERAL_NULL_CONVERSION = YES;
				CLANG_WARN_OBJC_IMPLICIT_RETAIN_SELF = YES;
				CLANG_WARN_OBJC_LITERAL_CONVERSION = YES;
				CLANG_WARN_OBJC_ROOT_CLASS = YES_ERROR;
				CLANG_WARN_QUOTED_INCLUDE_IN_FRAMEWORK_HEADER = YES;
				CLANG_WARN_RANGE_LOOP_ANALYSIS = YES;
				CLANG_WARN_STRICT_PROTOTYPES = YES;
				CLANG_WARN_SUSPICIOUS_MOVE = YES;
				CLANG_WARN_UNGUARDED_AVAILABILITY = YES_AGGRESSIVE;
				CLANG_WARN_UNREACHABLE_CODE = YES;
				CLANG_WARN__DUPLICATE_METHOD_MATCH = YES;
				COPY_PHASE_STRIP = NO;
				DEBUG_INFORMATION_FORMAT = dwarf;
				ENABLE_STRICT_OBJC_MSGSEND = YES;
				ENABLE_TESTABILITY = YES;
				ENABLE_USER_SCRIPT_SANDBOXING = YES;
				GCC_C_LANGUAGE_STANDARD = gnu17;
				GCC_DYNAMIC_NO_PIC = NO;
				GCC_NO_COMMON_BLOCKS = YES;
				GCC_OPTIMIZATION_LEVEL = 0;
				GCC_PREPROCESSOR_DEFINITIONS = (
					"DEBUG=1",
					"$(inherited)",
				);
				GCC_WARN_64_TO_32_BIT_CONVERSION = YES;
				GCC_WARN_ABOUT_RETURN_TYPE = YES_ERROR;
				GCC_WARN_UNDECLARED_SELECTOR = YES;
				GCC_WARN_UNINITIALIZED_AUTOS = YES_AGGRESSIVE;
				GCC_WARN_UNUSED_FUNCTION = YES;
				GCC_WARN_UNUSED_VARIABLE = YES;
				IPHONEOS_DEPLOYMENT_TARGET = 17.5;
				LOCALIZATION_PREFERS_STRING_CATALOGS = YES;
				MTL_ENABLE_DEBUG_INFO = INCLUDE_SOURCE;
				MTL_FAST_MATH = YES;
				ONLY_ACTIVE_ARCH = YES;
				SDKROOT = iphoneos;
				SWIFT_ACTIVE_COMPILATION_CONDITIONS = "DEBUG $(inherited)";
				SWIFT_OPTIMIZATION_LEVEL = "-Onone";
			};
			name = Debug;
		};
		A110C7312C4AC447004F57AF /* Release */ = {
			isa = XCBuildConfiguration;
			buildSettings = {
				ALWAYS_SEARCH_USER_PATHS = NO;
				ASSETCATALOG_COMPILER_GENERATE_SWIFT_ASSET_SYMBOL_EXTENSIONS = YES;
				CLANG_ANALYZER_NONNULL = YES;
				CLANG_ANALYZER_NUMBER_OBJECT_CONVERSION = YES_AGGRESSIVE;
				CLANG_CXX_LANGUAGE_STANDARD = "gnu++20";
				CLANG_ENABLE_MODULES = YES;
				CLANG_ENABLE_OBJC_ARC = YES;
				CLANG_ENABLE_OBJC_WEAK = YES;
				CLANG_WARN_BLOCK_CAPTURE_AUTORELEASING = YES;
				CLANG_WARN_BOOL_CONVERSION = YES;
				CLANG_WARN_COMMA = YES;
				CLANG_WARN_CONSTANT_CONVERSION = YES;
				CLANG_WARN_DEPRECATED_OBJC_IMPLEMENTATIONS = YES;
				CLANG_WARN_DIRECT_OBJC_ISA_USAGE = YES_ERROR;
				CLANG_WARN_DOCUMENTATION_COMMENTS = YES;
				CLANG_WARN_EMPTY_BODY = YES;
				CLANG_WARN_ENUM_CONVERSION = YES;
				CLANG_WARN_INFINITE_RECURSION = YES;
				CLANG_WARN_INT_CONVERSION = YES;
				CLANG_WARN_NON_LITERAL_NULL_CONVERSION = YES;
				CLANG_WARN_OBJC_IMPLICIT_RETAIN_SELF = YES;
				CLANG_WARN_OBJC_LITERAL_CONVERSION = YES;
				CLANG_WARN_OBJC_ROOT_CLASS = YES_ERROR;
				CLANG_WARN_QUOTED_INCLUDE_IN_FRAMEWORK_HEADER = YES;
				CLANG_WARN_RANGE_LOOP_ANALYSIS = YES;
				CLANG_WARN_STRICT_PROTOTYPES = YES;
				CLANG_WARN_SUSPICIOUS_MOVE = YES;
				CLANG_WARN_UNGUARDED_AVAILABILITY = YES_AGGRESSIVE;
				CLANG_WARN_UNREACHABLE_CODE = YES;
				CLANG_WARN__DUPLICATE_METHOD_MATCH = YES;
				COPY_PHASE_STRIP = NO;
				DEBUG_INFORMATION_FORMAT = "dwarf-with-dsym";
				ENABLE_NS_ASSERTIONS = NO;
				ENABLE_STRICT_OBJC_MSGSEND = YES;
				ENABLE_USER_SCRIPT_SANDBOXING = YES;
				GCC_C_LANGUAGE_STANDARD = gnu17;
				GCC_NO_COMMON_BLOCKS = YES;
				GCC_WARN_64_TO_32_BIT_CONVERSION = YES;
				GCC_WARN_ABOUT_RETURN_TYPE = YES_ERROR;
				GCC_WARN_UNDECLARED_SELECTOR = YES;
				GCC_WARN_UNINITIALIZED_AUTOS = YES_AGGRESSIVE;
				GCC_WARN_UNUSED_FUNCTION = YES;
				GCC_WARN_UNUSED_VARIABLE = YES;
				IPHONEOS_DEPLOYMENT_TARGET = 17.5;
				LOCALIZATION_PREFERS_STRING_CATALOGS = YES;
				MTL_ENABLE_DEBUG_INFO = NO;
				MTL_FAST_MATH = YES;
				SDKROOT = iphoneos;
				SWIFT_COMPILATION_MODE = wholemodule;
				VALIDATE_PRODUCT = YES;
			};
			name = Release;
		};
		A110C7332C4AC447004F57AF /* Debug */ = {
			isa = XCBuildConfiguration;
			buildSettings = {
				ASSETCATALOG_COMPILER_APPICON_NAME = AppIcon;
				ASSETCATALOG_COMPILER_GLOBAL_ACCENT_COLOR_NAME = AccentColor;
				CODE_SIGN_STYLE = Automatic;
				CURRENT_PROJECT_VERSION = 1;
				DEVELOPMENT_TEAM = 6N8M4PHX7P;
				GENERATE_INFOPLIST_FILE = YES;
				INFOPLIST_FILE = wotd_UIKit/Info.plist;
				INFOPLIST_KEY_NSLocationAlwaysAndWhenInUseUsageDescription = "Please allow us to access your location to update weather information.";
				INFOPLIST_KEY_NSLocationAlwaysUsageDescription = "Please allow us to access your location to update weather information.";
				INFOPLIST_KEY_NSLocationWhenInUseUsageDescription = "Please allow us to access your location to update weather information.";
				INFOPLIST_KEY_UIApplicationSupportsIndirectInputEvents = YES;
				INFOPLIST_KEY_UILaunchStoryboardName = LaunchScreen;
				INFOPLIST_KEY_UISupportedInterfaceOrientations_iPad = "UIInterfaceOrientationPortrait UIInterfaceOrientationPortraitUpsideDown UIInterfaceOrientationLandscapeLeft UIInterfaceOrientationLandscapeRight";
				INFOPLIST_KEY_UISupportedInterfaceOrientations_iPhone = "UIInterfaceOrientationPortrait UIInterfaceOrientationLandscapeLeft UIInterfaceOrientationLandscapeRight";
				LD_RUNPATH_SEARCH_PATHS = (
					"$(inherited)",
					"@executable_path/Frameworks",
				);
				MARKETING_VERSION = 1.0;
				PRODUCT_BUNDLE_IDENTIFIER = "emily.wotd-UIKit";
				PRODUCT_NAME = "$(TARGET_NAME)";
				SWIFT_EMIT_LOC_STRINGS = YES;
				SWIFT_VERSION = 5.0;
				TARGETED_DEVICE_FAMILY = "1,2";
			};
			name = Debug;
		};
		A110C7342C4AC447004F57AF /* Release */ = {
			isa = XCBuildConfiguration;
			buildSettings = {
				ASSETCATALOG_COMPILER_APPICON_NAME = AppIcon;
				ASSETCATALOG_COMPILER_GLOBAL_ACCENT_COLOR_NAME = AccentColor;
				CODE_SIGN_STYLE = Automatic;
				CURRENT_PROJECT_VERSION = 1;
				DEVELOPMENT_TEAM = 6N8M4PHX7P;
				GENERATE_INFOPLIST_FILE = YES;
				INFOPLIST_FILE = wotd_UIKit/Info.plist;
				INFOPLIST_KEY_NSLocationAlwaysAndWhenInUseUsageDescription = "Please allow us to access your location to update weather information.";
				INFOPLIST_KEY_NSLocationAlwaysUsageDescription = "Please allow us to access your location to update weather information.";
				INFOPLIST_KEY_NSLocationWhenInUseUsageDescription = "Please allow us to access your location to update weather information.";
				INFOPLIST_KEY_UIApplicationSupportsIndirectInputEvents = YES;
				INFOPLIST_KEY_UILaunchStoryboardName = LaunchScreen;
				INFOPLIST_KEY_UISupportedInterfaceOrientations_iPad = "UIInterfaceOrientationPortrait UIInterfaceOrientationPortraitUpsideDown UIInterfaceOrientationLandscapeLeft UIInterfaceOrientationLandscapeRight";
				INFOPLIST_KEY_UISupportedInterfaceOrientations_iPhone = "UIInterfaceOrientationPortrait UIInterfaceOrientationLandscapeLeft UIInterfaceOrientationLandscapeRight";
				LD_RUNPATH_SEARCH_PATHS = (
					"$(inherited)",
					"@executable_path/Frameworks",
				);
				MARKETING_VERSION = 1.0;
				PRODUCT_BUNDLE_IDENTIFIER = "emily.wotd-UIKit";
				PRODUCT_NAME = "$(TARGET_NAME)";
				SWIFT_EMIT_LOC_STRINGS = YES;
				SWIFT_VERSION = 5.0;
				TARGETED_DEVICE_FAMILY = "1,2";
			};
			name = Release;
		};
/* End XCBuildConfiguration section */

/* Begin XCConfigurationList section */
		A110C7192C4AC446004F57AF /* Build configuration list for PBXProject "wotd_UIKit" */ = {
			isa = XCConfigurationList;
			buildConfigurations = (
				A110C7302C4AC447004F57AF /* Debug */,
				A110C7312C4AC447004F57AF /* Release */,
			);
			defaultConfigurationIsVisible = 0;
			defaultConfigurationName = Release;
		};
		A110C7322C4AC447004F57AF /* Build configuration list for PBXNativeTarget "wotd_UIKit" */ = {
			isa = XCConfigurationList;
			buildConfigurations = (
				A110C7332C4AC447004F57AF /* Debug */,
				A110C7342C4AC447004F57AF /* Release */,
			);
			defaultConfigurationIsVisible = 0;
			defaultConfigurationName = Release;
		};
/* End XCConfigurationList section */

/* Begin XCRemoteSwiftPackageReference section */
		A115DAC72C4BDEA100764929 /* XCRemoteSwiftPackageReference "SnapKit" */ = {
			isa = XCRemoteSwiftPackageReference;
			repositoryURL = "https://github.com/SnapKit/SnapKit.git";
			requirement = {
				kind = upToNextMajorVersion;
				minimumVersion = 5.7.1;
			};
		};
		A18EE80D2C4E982100652206 /* XCRemoteSwiftPackageReference "Alamofire" */ = {
			isa = XCRemoteSwiftPackageReference;
			repositoryURL = "https://github.com/Alamofire/Alamofire.git";
			requirement = {
				kind = upToNextMajorVersion;
				minimumVersion = 5.9.1;
			};
		};
/* End XCRemoteSwiftPackageReference section */

/* Begin XCSwiftPackageProductDependency section */
		A115DAC82C4BDEA100764929 /* SnapKit */ = {
			isa = XCSwiftPackageProductDependency;
			package = A115DAC72C4BDEA100764929 /* XCRemoteSwiftPackageReference "SnapKit" */;
			productName = SnapKit;
		};
		A18EE80E2C4E982100652206 /* Alamofire */ = {
			isa = XCSwiftPackageProductDependency;
			package = A18EE80D2C4E982100652206 /* XCRemoteSwiftPackageReference "Alamofire" */;
			productName = Alamofire;
		};
/* End XCSwiftPackageProductDependency section */
	};
	rootObject = A110C7162C4AC446004F57AF /* Project object */;
}
